{
  "nodes": {
    "fenix": {
      "inputs": {
        "nixpkgs": [
          "nixpkgs"
        ],
        "rust-analyzer-src": "rust-analyzer-src"
      },
      "locked": {
        "lastModified": 1670999088,
        "narHash": "sha256-/iZ0xLts6QcIphJr7V1anjPl1EuXu8uJz5sNkyYUkms=",
        "owner": "nix-community",
        "repo": "fenix",
        "rev": "2c84fe85bcb0d9538ad74dcac343d7213cd79ea3",
        "type": "github"
      },
      "original": {
        "owner": "nix-community",
        "repo": "fenix",
        "type": "github"
      }
    },
    "flake-utils": {
      "locked": {
        "lastModified": 1667395993,
        "narHash": "sha256-nuEHfE/LcWyuSWnS8t12N1wc105Qtau+/OdUAjtQ0rA=",
        "owner": "numtide",
        "repo": "flake-utils",
        "rev": "5aed5285a952e0b949eb3ba02c12fa4fcfef535f",
        "type": "github"
      },
      "original": {
        "owner": "numtide",
        "repo": "flake-utils",
        "type": "github"
      }
    },
    "nixpkgs": {
      "locked": {
        "lastModified": 1671007632,
        "narHash": "sha256-1uxNTBOa0SMypJKOWeUqrz2VfmwQ1hVgWckPdgDNip4=",
        "owner": "nixos",
        "repo": "nixpkgs",
        "rev": "b9a0cd40ede905f554399f3f165895dccfd35f3b",
        "type": "github"
      },
      "original": {
        "owner": "nixos",
        "ref": "nixpkgs-unstable",
        "repo": "nixpkgs",
        "type": "github"
      }
    },
    "root": {
      "inputs": {
        "fenix": "fenix",
        "flake-utils": "flake-utils",
        "nixpkgs": "nixpkgs",
        "telescope-media-files": "telescope-media-files"
      }
    },
    "rust-analyzer-src": {
      "flake": false,
      "locked": {
        "lastModified": 1670856663,
        "narHash": "sha256-Jho2iGPkw4DidMH+Gol/rcE6dXsCOWSqt43LCxb0YhM=",
        "owner": "rust-lang",
        "repo": "rust-analyzer",
        "rev": "4596847a88abb0d5077c5111c3093e724673d7a0",
        "type": "github"
      },
      "original": {
        "owner": "rust-lang",
        "ref": "nightly",
        "repo": "rust-analyzer",
        "type": "github"
      }
    },
    "telescope-media-files": {
      "flake": false,
      "locked": {
        "lastModified": 1634848033,
        "narHash": "sha256-/tJs7L+uET7gKobdE6IBZWvF13QyCsPW7956YqCM46o=",
        "owner": "nvim-telescope",
        "repo": "telescope-media-files.nvim",
        "rev": "513e4ee385edd72bf0b35a217b7e39f84b6fe93c",
        "type": "github"
      },
      "original": {
        "owner": "nvim-telescope",
        "repo": "telescope-media-files.nvim",
        "type": "github"
      }
    }
  },
  "root": "root",
  "version": 7
}
