{
  "nodes": {
    "catppuccin": {
      "flake": false,
      "locked": {
        "lastModified": 1730606011,
        "narHash": "sha256-efz7etLeDHflBBxsA1HdFsM4/cMD+psmanc2mxUKKtM=",
        "owner": "catppuccin",
        "repo": "nvim",
        "rev": "35d8057137af463c9f41f169539e9b190d57d269",
        "type": "github"
      },
      "original": {
        "owner": "catppuccin",
        "repo": "nvim",
        "type": "github"
      }
    },
    "clipboard-image": {
      "flake": false,
      "locked": {
        "lastModified": 1713280083,
        "narHash": "sha256-tmehpn1NVxRsktLh8qN6J/6EsE5qk4Dvlajhavfm54A=",
        "owner": "postfen",
        "repo": "clipboard-image.nvim",
        "rev": "4ab6f7f1fa4ea97866c0e0f6160f6a36ef174438",
        "type": "github"
      },
      "original": {
        "owner": "postfen",
        "repo": "clipboard-image.nvim",
        "type": "github"
      }
    },
    "conform-nvim": {
      "flake": false,
      "locked": {
        "lastModified": 1730567196,
        "narHash": "sha256-fvQrRGrvzK9b4MIQCdFxaFhu8ytL9S9b23x39FTGLOc=",
        "owner": "stevearc",
        "repo": "conform.nvim",
        "rev": "d28ccf945374edd9f1c34a82f6c22261dbd8ab98",
        "type": "github"
      },
      "original": {
        "owner": "stevearc",
        "repo": "conform.nvim",
        "type": "github"
      }
    },
    "fenix": {
      "inputs": {
        "nixpkgs": [
          "nixpkgs"
        ],
        "rust-analyzer-src": "rust-analyzer-src"
      },
      "locked": {
        "lastModified": 1730615655,
        "narHash": "sha256-2HBR3zLn57LXKNRtxBb+O+uDqHM4n0pz51rPayMl4cg=",
        "owner": "nix-community",
        "repo": "fenix",
        "rev": "efeb50e2535b17ffd4a135e6e3e5fd60a525180c",
        "type": "github"
      },
      "original": {
        "owner": "nix-community",
        "repo": "fenix",
        "type": "github"
      }
    },
    "flake-compat": {
      "flake": false,
      "locked": {
        "lastModified": 1687265871,
        "narHash": "sha256-P8AOiQk/XN8/ia4289hDHlTfWB70cRQ5pc9GRfmEdpc=",
        "owner": "inclyc",
        "repo": "flake-compat",
        "rev": "70e56389c58bbd300d11778913b255477ebbae22",
        "type": "github"
      },
      "original": {
        "owner": "inclyc",
        "repo": "flake-compat",
        "type": "github"
      }
    },
    "flake-utils": {
      "inputs": {
        "systems": "systems"
      },
      "locked": {
        "lastModified": 1726560853,
        "narHash": "sha256-X6rJYSESBVr3hBoH0WbKE5KvhPU5bloyZ2L4K60/fPQ=",
        "owner": "numtide",
        "repo": "flake-utils",
        "rev": "c1dfcf08411b08f6b8615f7d8971a2bfa81d5e8a",
        "type": "github"
      },
      "original": {
        "owner": "numtide",
        "repo": "flake-utils",
        "type": "github"
      }
    },
    "nixpkgs": {
      "locked": {
        "lastModified": 1730272153,
        "narHash": "sha256-B5WRZYsRlJgwVHIV6DvidFN7VX7Fg9uuwkRW9Ha8z+w=",
        "owner": "nixos",
        "repo": "nixpkgs",
        "rev": "2d2a9ddbe3f2c00747398f3dc9b05f7f2ebb0f53",
        "type": "github"
      },
      "original": {
        "owner": "nixos",
        "ref": "nixpkgs-unstable",
        "repo": "nixpkgs",
        "type": "github"
      }
    },
    "noice-nvim": {
      "flake": false,
      "locked": {
        "lastModified": 1721839776,
        "narHash": "sha256-UgUSvb03sSgAWXOPbXxD1f/KAzRLY07BGHkNOVhwmF4=",
        "owner": "folke",
        "repo": "noice.nvim",
        "rev": "d9328ef903168b6f52385a751eb384ae7e906c6f",
        "type": "github"
      },
      "original": {
        "owner": "folke",
        "ref": "d9328ef",
        "repo": "noice.nvim",
        "type": "github"
      }
    },
    "onedarkpro": {
      "flake": false,
      "locked": {
        "lastModified": 1730282183,
        "narHash": "sha256-QBBeU3Yr4RVWxCBsES0cDoylRYo13246xuY+TcDfrEM=",
        "owner": "olimorris",
        "repo": "onedarkpro.nvim",
        "rev": "f79bb592a0145bed99c7e74f5dcffb147807f603",
        "type": "github"
      },
      "original": {
        "owner": "olimorris",
        "repo": "onedarkpro.nvim",
        "type": "github"
      }
    },
    "root": {
      "inputs": {
        "catppuccin": "catppuccin",
        "clipboard-image": "clipboard-image",
        "conform-nvim": "conform-nvim",
        "fenix": "fenix",
        "flake-compat": "flake-compat",
        "flake-utils": "flake-utils",
        "nixpkgs": "nixpkgs",
        "noice-nvim": "noice-nvim",
        "onedarkpro": "onedarkpro"
      }
    },
    "rust-analyzer-src": {
      "flake": false,
      "locked": {
        "lastModified": 1730555913,
        "narHash": "sha256-KNHZUlqsEibg3YtfUyOFQSofP8hp1HKoY+laoesBxRM=",
        "owner": "rust-lang",
        "repo": "rust-analyzer",
        "rev": "f17a5bbfd0969ba2e63a74505a80e55ecb174ed9",
        "type": "github"
      },
      "original": {
        "owner": "rust-lang",
        "ref": "nightly",
        "repo": "rust-analyzer",
        "type": "github"
      }
    },
    "systems": {
      "locked": {
        "lastModified": 1681028828,
        "narHash": "sha256-Vy1rq5AaRuLzOxct8nz4T6wlgyUR7zLU309k9mBC768=",
        "owner": "nix-systems",
        "repo": "default",
        "rev": "da67096a3b9bf56a91d16901293e51ba5b49a27e",
        "type": "github"
      },
      "original": {
        "owner": "nix-systems",
        "repo": "default",
        "type": "github"
      }
    }
  },
  "root": "root",
  "version": 7
}
