{
  "nodes": {
    "cargo-bundle": {
      "flake": false,
      "locked": {
        "lastModified": 1655204404,
        "narHash": "sha256-hKCwIC9zKWgXovmKan9E2xcRIsGNrc1pLAOCtcc2M1k=",
        "owner": "burtonageo",
        "repo": "cargo-bundle",
        "rev": "1b533243a18d8f10c1bb5481b3e87ffa8498a979",
        "type": "github"
      },
      "original": {
        "owner": "burtonageo",
        "repo": "cargo-bundle",
        "type": "github"
      }
    },
    "fenix": {
      "inputs": {
        "nixpkgs": [
          "nixpkgs"
        ],
        "rust-analyzer-src": "rust-analyzer-src"
      },
      "locked": {
        "lastModified": 1668617169,
        "narHash": "sha256-XaKT5vv6eFbccqKH+qGqedmuPl/Aer02wbKfp1oqfzE=",
        "owner": "nix-community",
        "repo": "fenix",
        "rev": "70e658a26c8e5f739cae29c1276e8de0752524e1",
        "type": "github"
      },
      "original": {
        "owner": "nix-community",
        "repo": "fenix",
        "type": "github"
      }
    },
    "flake-utils": {
      "locked": {
        "lastModified": 1667395993,
        "narHash": "sha256-nuEHfE/LcWyuSWnS8t12N1wc105Qtau+/OdUAjtQ0rA=",
        "owner": "numtide",
        "repo": "flake-utils",
        "rev": "5aed5285a952e0b949eb3ba02c12fa4fcfef535f",
        "type": "github"
      },
      "original": {
        "owner": "numtide",
        "repo": "flake-utils",
        "type": "github"
      }
    },
    "nixpkgs": {
      "locked": {
        "lastModified": 1668443372,
        "narHash": "sha256-lXNlVyNWwO22/JUdBtUWz68jZB3DM+Jq/irlsbwncI0=",
        "owner": "nixos",
        "repo": "nixpkgs",
        "rev": "dad4de1694cd92d9a0e123bfdf134d0047b836a5",
        "type": "github"
      },
      "original": {
        "owner": "nixos",
        "ref": "nixpkgs-unstable",
        "repo": "nixpkgs",
        "type": "github"
      }
    },
    "root": {
      "inputs": {
        "cargo-bundle": "cargo-bundle",
        "fenix": "fenix",
        "flake-utils": "flake-utils",
        "nixpkgs": "nixpkgs",
        "telescope-media-files": "telescope-media-files",
        "zk-nvim": "zk-nvim"
      }
    },
    "rust-analyzer-src": {
      "flake": false,
      "locked": {
        "lastModified": 1668513567,
        "narHash": "sha256-13InfXUmulMYDa8wmQ2MRzqjuNcmjAqmpc2cnVCiRg8=",
        "owner": "rust-lang",
        "repo": "rust-analyzer",
        "rev": "0dd0dfb7dfe723bbfa81197c23d73c9bdc4022c1",
        "type": "github"
      },
      "original": {
        "owner": "rust-lang",
        "ref": "nightly",
        "repo": "rust-analyzer",
        "type": "github"
      }
    },
    "telescope-media-files": {
      "flake": false,
      "locked": {
        "lastModified": 1634848033,
        "narHash": "sha256-/tJs7L+uET7gKobdE6IBZWvF13QyCsPW7956YqCM46o=",
        "owner": "nvim-telescope",
        "repo": "telescope-media-files.nvim",
        "rev": "513e4ee385edd72bf0b35a217b7e39f84b6fe93c",
        "type": "github"
      },
      "original": {
        "owner": "nvim-telescope",
        "repo": "telescope-media-files.nvim",
        "type": "github"
      }
    },
    "zk-nvim": {
      "flake": false,
      "locked": {
        "lastModified": 1668335086,
        "narHash": "sha256-S2RqOPT1CIXgH40AQ6rZsV1AbUGH3uA2R8chq4dXy0Y=",
        "owner": "mickael-menu",
        "repo": "zk-nvim",
        "rev": "1d2ebc679eeea8bfddc908e31bbe9e8b0928ef21",
        "type": "github"
      },
      "original": {
        "owner": "mickael-menu",
        "repo": "zk-nvim",
        "type": "github"
      }
    }
  },
  "root": "root",
  "version": 7
}
